
Microsoft Visual Studio Solution File, Format Version 12.00
# Visual Studio Version 16
VisualStudioVersion = 16.0.29519.161
MinimumVisualStudioVersion = 10.0.40219.1
Project("{9A19103F-16F7-4668-BE54-9A1E7A4F7556}") = "MLTest", "MLTest\MLTest.csproj", "{DA768261-A697-457F-A499-54E041E6F1DD}"
EndProject
Project("{9A19103F-16F7-4668-BE54-9A1E7A4F7556}") = "MLTestML.Model", "MLTestML.Model\MLTestML.Model.csproj", "{7AEC63D8-D288-4040-92BB-83756AC492C9}"
EndProject
Project("{9A19103F-16F7-4668-BE54-9A1E7A4F7556}") = "MLTestML.ConsoleApp", "MLTestML.ConsoleApp\MLTestML.ConsoleApp.csproj", "{CC5AA301-19EF-4AA1-A388-865B6309769A}"
EndProject
Global
	GlobalSection(SolutionConfigurationPlatforms) = preSolution
		Debug|Any CPU = Debug|Any CPU
		Release|Any CPU = Release|Any CPU
	EndGlobalSection
	GlobalSection(ProjectConfigurationPlatforms) = postSolution
		{DA768261-A697-457F-A499-54E041E6F1DD}.Debug|Any CPU.ActiveCfg = Debug|Any CPU
		{DA768261-A697-457F-A499-54E041E6F1DD}.Debug|Any CPU.Build.0 = Debug|Any CPU
		{DA768261-A697-457F-A499-54E041E6F1DD}.Release|Any CPU.ActiveCfg = Release|Any CPU
		{DA768261-A697-457F-A499-54E041E6F1DD}.Release|Any CPU.Build.0 = Release|Any CPU
		{7AEC63D8-D288-4040-92BB-83756AC492C9}.Debug|Any CPU.ActiveCfg = Debug|Any CPU
		{7AEC63D8-D288-4040-92BB-83756AC492C9}.Debug|Any CPU.Build.0 = Debug|Any CPU
		{7AEC63D8-D288-4040-92BB-83756AC492C9}.Release|Any CPU.ActiveCfg = Release|Any CPU
		{7AEC63D8-D288-4040-92BB-83756AC492C9}.Release|Any CPU.Build.0 = Release|Any CPU
		{CC5AA301-19EF-4AA1-A388-865B6309769A}.Debug|Any CPU.ActiveCfg = Debug|Any CPU
		{CC5AA301-19EF-4AA1-A388-865B6309769A}.Debug|Any CPU.Build.0 = Debug|Any CPU
		{CC5AA301-19EF-4AA1-A388-865B6309769A}.Release|Any CPU.ActiveCfg = Release|Any CPU
		{CC5AA301-19EF-4AA1-A388-865B6309769A}.Release|Any CPU.Build.0 = Release|Any CPU
	EndGlobalSection
	GlobalSection(SolutionProperties) = preSolution
		HideSolutionNode = FALSE
	EndGlobalSection
	GlobalSection(ExtensibilityGlobals) = postSolution
		SolutionGuid = {8291C9EA-4E4A-4174-866F-448FEAD113F5}
	EndGlobalSection
EndGlobal
